// !$*UTF8*$!
{
	archiveVersion = 1;
	classes = {
	};
	objectVersion = 46;
	objects = {

/* Begin PBXBuildFile section */
		045A62931EBFFDD000292972 /* login button.png in Resources */ = {isa = PBXBuildFile; fileRef = 045A628A1EBFFDD000292972 /* login button.png */; };
		045A62941EBFFDD000292972 /* login button@2x.png in Resources */ = {isa = PBXBuildFile; fileRef = 045A628B1EBFFDD000292972 /* login button@2x.png */; };
		045A62951EBFFDD000292972 /* login button@3x.png in Resources */ = {isa = PBXBuildFile; fileRef = 045A628C1EBFFDD000292972 /* login button@3x.png */; };
		045A62961EBFFDD000292972 /* logo.png in Resources */ = {isa = PBXBuildFile; fileRef = 045A628D1EBFFDD000292972 /* logo.png */; };
		045A62971EBFFDD000292972 /* logo@2x.png in Resources */ = {isa = PBXBuildFile; fileRef = 045A628E1EBFFDD000292972 /* logo@2x.png */; };
		045A62981EBFFDD000292972 /* logo@3x.png in Resources */ = {isa = PBXBuildFile; fileRef = 045A628F1EBFFDD000292972 /* logo@3x.png */; };
		045A62991EBFFDD000292972 /* Miracle Pill.png in Resources */ = {isa = PBXBuildFile; fileRef = 045A62901EBFFDD000292972 /* Miracle Pill.png */; };
		045A629A1EBFFDD000292972 /* Miracle Pill@2x.png in Resources */ = {isa = PBXBuildFile; fileRef = 045A62911EBFFDD000292972 /* Miracle Pill@2x.png */; };
		045A629B1EBFFDD000292972 /* Miracle Pill@3x.png in Resources */ = {isa = PBXBuildFile; fileRef = 045A62921EBFFDD000292972 /* Miracle Pill@3x.png */; };
		045A62A21EBFFDDF00292972 /* password field.png in Resources */ = {isa = PBXBuildFile; fileRef = 045A629C1EBFFDDF00292972 /* password field.png */; };
		045A62A31EBFFDDF00292972 /* password field@2x.png in Resources */ = {isa = PBXBuildFile; fileRef = 045A629D1EBFFDDF00292972 /* password field@2x.png */; };
		045A62A41EBFFDDF00292972 /* password field@3x.png in Resources */ = {isa = PBXBuildFile; fileRef = 045A629E1EBFFDDF00292972 /* password field@3x.png */; };
		045A62A51EBFFDDF00292972 /* username field.png in Resources */ = {isa = PBXBuildFile; fileRef = 045A629F1EBFFDDF00292972 /* username field.png */; };
		045A62A61EBFFDDF00292972 /* username field@2x.png in Resources */ = {isa = PBXBuildFile; fileRef = 045A62A01EBFFDDF00292972 /* username field@2x.png */; };
		045A62A71EBFFDDF00292972 /* username field@3x.png in Resources */ = {isa = PBXBuildFile; fileRef = 045A62A11EBFFDDF00292972 /* username field@3x.png */; };
		045A62AB1EC0027800292972 /* Rectangle Copy@1x.png in Resources */ = {isa = PBXBuildFile; fileRef = 045A62A81EC0027800292972 /* Rectangle Copy@1x.png */; };
		045A62AC1EC0027800292972 /* Rectangle Copy@2x.png in Resources */ = {isa = PBXBuildFile; fileRef = 045A62A91EC0027800292972 /* Rectangle Copy@2x.png */; };
		045A62AD1EC0027800292972 /* Rectangle Copy@3x.png in Resources */ = {isa = PBXBuildFile; fileRef = 045A62AA1EC0027800292972 /* Rectangle Copy@3x.png */; };
		045A62AF1EC0057A00292972 /* LoginViewController.swift in Sources */ = {isa = PBXBuildFile; fileRef = 045A62AE1EC0057A00292972 /* LoginViewController.swift */; };
		04E034121EBA565900072C21 /* AppDelegate.swift in Sources */ = {isa = PBXBuildFile; fileRef = 04E034111EBA565900072C21 /* AppDelegate.swift */; };
		04E034141EBA565900072C21 /* ViewController.swift in Sources */ = {isa = PBXBuildFile; fileRef = 04E034131EBA565900072C21 /* ViewController.swift */; };
		04E034171EBA565900072C21 /* Main.storyboard in Resources */ = {isa = PBXBuildFile; fileRef = 04E034151EBA565900072C21 /* Main.storyboard */; };
		04E0341A1EBA565900072C21 /* Miracle_Pill.xcdatamodeld in Sources */ = {isa = PBXBuildFile; fileRef = 04E034181EBA565900072C21 /* Miracle_Pill.xcdatamodeld */; };
		04E0341C1EBA565900072C21 /* Assets.xcassets in Resources */ = {isa = PBXBuildFile; fileRef = 04E0341B1EBA565900072C21 /* Assets.xcassets */; };
		04E0341F1EBA565900072C21 /* LaunchScreen.storyboard in Resources */ = {isa = PBXBuildFile; fileRef = 04E0341D1EBA565900072C21 /* LaunchScreen.storyboard */; };
		04E0342F1EBA5B2200072C21 /* buyNowBtn.png in Resources */ = {isa = PBXBuildFile; fileRef = 04E034261EBA5B2200072C21 /* buyNowBtn.png */; };
		04E034301EBA5B2200072C21 /* buyNowBtn@2x.png in Resources */ = {isa = PBXBuildFile; fileRef = 04E034271EBA5B2200072C21 /* buyNowBtn@2x.png */; };
		04E034311EBA5B2200072C21 /* buyNowBtn@3x.png in Resources */ = {isa = PBXBuildFile; fileRef = 04E034281EBA5B2200072C21 /* buyNowBtn@3x.png */; };
		04E034321EBA5B2200072C21 /* miraclePillEmoji.png in Resources */ = {isa = PBXBuildFile; fileRef = 04E034291EBA5B2200072C21 /* miraclePillEmoji.png */; };
		04E034331EBA5B2200072C21 /* miraclePillEmoji@2x.png in Resources */ = {isa = PBXBuildFile; fileRef = 04E0342A1EBA5B2200072C21 /* miraclePillEmoji@2x.png */; };
		04E034341EBA5B2200072C21 /* miraclePillEmoji@3x.png in Resources */ = {isa = PBXBuildFile; fileRef = 04E0342B1EBA5B2200072C21 /* miraclePillEmoji@3x.png */; };
		04E034351EBA5B2200072C21 /* successIndicator.png in Resources */ = {isa = PBXBuildFile; fileRef = 04E0342C1EBA5B2200072C21 /* successIndicator.png */; };
		04E034361EBA5B2200072C21 /* successIndicator@2x.png in Resources */ = {isa = PBXBuildFile; fileRef = 04E0342D1EBA5B2200072C21 /* successIndicator@2x.png */; };
		04E034371EBA5B2200072C21 /* successIndicator@3x.png in Resources */ = {isa = PBXBuildFile; fileRef = 04E0342E1EBA5B2200072C21 /* successIndicator@3x.png */; };
		04E0347B1EBA968800072C21 /* PopupViewController.swift in Sources */ = {isa = PBXBuildFile; fileRef = 04E0347A1EBA968800072C21 /* PopupViewController.swift */; };
/* End PBXBuildFile section */

/* Begin PBXFileReference section */
		045A628A1EBFFDD000292972 /* login button.png */ = {isa = PBXFileReference; lastKnownFileType = image.png; path = "login button.png"; sourceTree = "<group>"; };
		045A628B1EBFFDD000292972 /* login button@2x.png */ = {isa = PBXFileReference; lastKnownFileType = image.png; path = "login button@2x.png"; sourceTree = "<group>"; };
		045A628C1EBFFDD000292972 /* login button@3x.png */ = {isa = PBXFileReference; lastKnownFileType = image.png; path = "login button@3x.png"; sourceTree = "<group>"; };
		045A628D1EBFFDD000292972 /* logo.png */ = {isa = PBXFileReference; lastKnownFileType = image.png; path = logo.png; sourceTree = "<group>"; };
		045A628E1EBFFDD000292972 /* logo@2x.png */ = {isa = PBXFileReference; lastKnownFileType = image.png; path = "logo@2x.png"; sourceTree = "<group>"; };
		045A628F1EBFFDD000292972 /* logo@3x.png */ = {isa = PBXFileReference; lastKnownFileType = image.png; path = "logo@3x.png"; sourceTree = "<group>"; };
		045A62901EBFFDD000292972 /* Miracle Pill.png */ = {isa = PBXFileReference; lastKnownFileType = image.png; path = "Miracle Pill.png"; sourceTree = "<group>"; };
		045A62911EBFFDD000292972 /* Miracle Pill@2x.png */ = {isa = PBXFileReference; lastKnownFileType = image.png; path = "Miracle Pill@2x.png"; sourceTree = "<group>"; };
		045A62921EBFFDD000292972 /* Miracle Pill@3x.png */ = {isa = PBXFileReference; lastKnownFileType = image.png; path = "Miracle Pill@3x.png"; sourceTree = "<group>"; };
		045A629C1EBFFDDF00292972 /* password field.png */ = {isa = PBXFileReference; lastKnownFileType = image.png; path = "password field.png"; sourceTree = "<group>"; };
		045A629D1EBFFDDF00292972 /* password field@2x.png */ = {isa = PBXFileReference; lastKnownFileType = image.png; path = "password field@2x.png"; sourceTree = "<group>"; };
		045A629E1EBFFDDF00292972 /* password field@3x.png */ = {isa = PBXFileReference; lastKnownFileType = image.png; path = "password field@3x.png"; sourceTree = "<group>"; };
		045A629F1EBFFDDF00292972 /* username field.png */ = {isa = PBXFileReference; lastKnownFileType = image.png; path = "username field.png"; sourceTree = "<group>"; };
		045A62A01EBFFDDF00292972 /* username field@2x.png */ = {isa = PBXFileReference; lastKnownFileType = image.png; path = "username field@2x.png"; sourceTree = "<group>"; };
		045A62A11EBFFDDF00292972 /* username field@3x.png */ = {isa = PBXFileReference; lastKnownFileType = image.png; path = "username field@3x.png"; sourceTree = "<group>"; };
		045A62A81EC0027800292972 /* Rectangle Copy@1x.png */ = {isa = PBXFileReference; lastKnownFileType = image.png; path = "Rectangle Copy@1x.png"; sourceTree = "<group>"; };
		045A62A91EC0027800292972 /* Rectangle Copy@2x.png */ = {isa = PBXFileReference; lastKnownFileType = image.png; path = "Rectangle Copy@2x.png"; sourceTree = "<group>"; };
		045A62AA1EC0027800292972 /* Rectangle Copy@3x.png */ = {isa = PBXFileReference; lastKnownFileType = image.png; path = "Rectangle Copy@3x.png"; sourceTree = "<group>"; };
		045A62AE1EC0057A00292972 /* LoginViewController.swift */ = {isa = PBXFileReference; fileEncoding = 4; lastKnownFileType = sourcecode.swift; name = LoginViewController.swift; path = ../LoginViewController.swift; sourceTree = "<group>"; };
		04E0340E1EBA565900072C21 /* Miracle Pill.app */ = {isa = PBXFileReference; explicitFileType = wrapper.application; includeInIndex = 0; path = "Miracle Pill.app"; sourceTree = BUILT_PRODUCTS_DIR; };
		04E034111EBA565900072C21 /* AppDelegate.swift */ = {isa = PBXFileReference; lastKnownFileType = sourcecode.swift; path = AppDelegate.swift; sourceTree = "<group>"; };
		04E034131EBA565900072C21 /* ViewController.swift */ = {isa = PBXFileReference; lastKnownFileType = sourcecode.swift; path = ViewController.swift; sourceTree = "<group>"; };
		04E034161EBA565900072C21 /* Base */ = {isa = PBXFileReference; lastKnownFileType = file.storyboard; name = Base; path = Base.lproj/Main.storyboard; sourceTree = "<group>"; };
		04E034191EBA565900072C21 /* Miracle_Pill.xcdatamodel */ = {isa = PBXFileReference; lastKnownFileType = wrapper.xcdatamodel; path = Miracle_Pill.xcdatamodel; sourceTree = "<group>"; };
		04E0341B1EBA565900072C21 /* Assets.xcassets */ = {isa = PBXFileReference; lastKnownFileType = folder.assetcatalog; path = Assets.xcassets; sourceTree = "<group>"; };
		04E0341E1EBA565900072C21 /* Base */ = {isa = PBXFileReference; lastKnownFileType = file.storyboard; name = Base; path = Base.lproj/LaunchScreen.storyboard; sourceTree = "<group>"; };
		04E034201EBA565900072C21 /* Info.plist */ = {isa = PBXFileReference; lastKnownFileType = text.plist.xml; path = Info.plist; sourceTree = "<group>"; };
		04E034261EBA5B2200072C21 /* buyNowBtn.png */ = {isa = PBXFileReference; lastKnownFileType = image.png; path = buyNowBtn.png; sourceTree = "<group>"; };
		04E034271EBA5B2200072C21 /* buyNowBtn@2x.png */ = {isa = PBXFileReference; lastKnownFileType = image.png; path = "buyNowBtn@2x.png"; sourceTree = "<group>"; };
		04E034281EBA5B2200072C21 /* buyNowBtn@3x.png */ = {isa = PBXFileReference; lastKnownFileType = image.png; path = "buyNowBtn@3x.png"; sourceTree = "<group>"; };
		04E034291EBA5B2200072C21 /* miraclePillEmoji.png */ = {isa = PBXFileReference; lastKnownFileType = image.png; path = miraclePillEmoji.png; sourceTree = "<group>"; };
		04E0342A1EBA5B2200072C21 /* miraclePillEmoji@2x.png */ = {isa = PBXFileReference; lastKnownFileType = image.png; path = "miraclePillEmoji@2x.png"; sourceTree = "<group>"; };
		04E0342B1EBA5B2200072C21 /* miraclePillEmoji@3x.png */ = {isa = PBXFileReference; lastKnownFileType = image.png; path = "miraclePillEmoji@3x.png"; sourceTree = "<group>"; };
		04E0342C1EBA5B2200072C21 /* successIndicator.png */ = {isa = PBXFileReference; lastKnownFileType = image.png; path = successIndicator.png; sourceTree = "<group>"; };
		04E0342D1EBA5B2200072C21 /* successIndicator@2x.png */ = {isa = PBXFileReference; lastKnownFileType = image.png; path = "successIndicator@2x.png"; sourceTree = "<group>"; };
		04E0342E1EBA5B2200072C21 /* successIndicator@3x.png */ = {isa = PBXFileReference; lastKnownFileType = image.png; path = "successIndicator@3x.png"; sourceTree = "<group>"; };
		04E0347A1EBA968800072C21 /* PopupViewController.swift */ = {isa = PBXFileReference; fileEncoding = 4; lastKnownFileType = sourcecode.swift; path = PopupViewController.swift; sourceTree = "<group>"; };
/* End PBXFileReference section */

/* Begin PBXFrameworksBuildPhase section */
		04E0340B1EBA565900072C21 /* Frameworks */ = {
			isa = PBXFrameworksBuildPhase;
			buildActionMask = 2147483647;
			files = (
			);
			runOnlyForDeploymentPostprocessing = 0;
		};
/* End PBXFrameworksBuildPhase section */

/* Begin PBXGroup section */
		04E034051EBA565800072C21 = {
			isa = PBXGroup;
			children = (
				04E034101EBA565900072C21 /* Miracle Pill */,
				04E0340F1EBA565900072C21 /* Products */,
				04E034261EBA5B2200072C21 /* buyNowBtn.png */,
				04E034271EBA5B2200072C21 /* buyNowBtn@2x.png */,
				04E034281EBA5B2200072C21 /* buyNowBtn@3x.png */,
				04E034291EBA5B2200072C21 /* miraclePillEmoji.png */,
				04E0342A1EBA5B2200072C21 /* miraclePillEmoji@2x.png */,
				04E0342B1EBA5B2200072C21 /* miraclePillEmoji@3x.png */,
				04E0342C1EBA5B2200072C21 /* successIndicator.png */,
				04E0342D1EBA5B2200072C21 /* successIndicator@2x.png */,
				04E0342E1EBA5B2200072C21 /* successIndicator@3x.png */,
				045A628A1EBFFDD000292972 /* login button.png */,
				045A628B1EBFFDD000292972 /* login button@2x.png */,
				045A628C1EBFFDD000292972 /* login button@3x.png */,
				045A628D1EBFFDD000292972 /* logo.png */,
				045A628E1EBFFDD000292972 /* logo@2x.png */,
				045A62A81EC0027800292972 /* Rectangle Copy@1x.png */,
				045A62A91EC0027800292972 /* Rectangle Copy@2x.png */,
				045A62AA1EC0027800292972 /* Rectangle Copy@3x.png */,
				045A628F1EBFFDD000292972 /* logo@3x.png */,
				045A62901EBFFDD000292972 /* Miracle Pill.png */,
				045A62911EBFFDD000292972 /* Miracle Pill@2x.png */,
				045A62921EBFFDD000292972 /* Miracle Pill@3x.png */,
				045A629C1EBFFDDF00292972 /* password field.png */,
				045A629D1EBFFDDF00292972 /* password field@2x.png */,
				045A629E1EBFFDDF00292972 /* password field@3x.png */,
				045A629F1EBFFDDF00292972 /* username field.png */,
				045A62A01EBFFDDF00292972 /* username field@2x.png */,
				045A62A11EBFFDDF00292972 /* username field@3x.png */,
			);
			sourceTree = "<group>";
		};
		04E0340F1EBA565900072C21 /* Products */ = {
			isa = PBXGroup;
			children = (
				04E0340E1EBA565900072C21 /* Miracle Pill.app */,
			);
			name = Products;
			sourceTree = "<group>";
		};
		04E034101EBA565900072C21 /* Miracle Pill */ = {
			isa = PBXGroup;
			children = (
				04E034111EBA565900072C21 /* AppDelegate.swift */,
				04E034131EBA565900072C21 /* ViewController.swift */,
				045A62AE1EC0057A00292972 /* LoginViewController.swift */,
				04E034151EBA565900072C21 /* Main.storyboard */,
				04E0347A1EBA968800072C21 /* PopupViewController.swift */,
				04E0341B1EBA565900072C21 /* Assets.xcassets */,
				04E0341D1EBA565900072C21 /* LaunchScreen.storyboard */,
				04E034201EBA565900072C21 /* Info.plist */,
				04E034181EBA565900072C21 /* Miracle_Pill.xcdatamodeld */,
			);
			path = "Miracle Pill";
			sourceTree = "<group>";
		};
/* End PBXGroup section */

/* Begin PBXNativeTarget section */
		04E0340D1EBA565900072C21 /* Miracle Pill */ = {
			isa = PBXNativeTarget;
			buildConfigurationList = 04E034231EBA565900072C21 /* Build configuration list for PBXNativeTarget "Miracle Pill" */;
			buildPhases = (
				04E0340A1EBA565900072C21 /* Sources */,
				04E0340B1EBA565900072C21 /* Frameworks */,
				04E0340C1EBA565900072C21 /* Resources */,
			);
			buildRules = (
			);
			dependencies = (
			);
			name = "Miracle Pill";
			productName = "Miracle Pill";
			productReference = 04E0340E1EBA565900072C21 /* Miracle Pill.app */;
			productType = "com.apple.product-type.application";
		};
/* End PBXNativeTarget section */

/* Begin PBXProject section */
		04E034061EBA565800072C21 /* Project object */ = {
			isa = PBXProject;
			attributes = {
				LastSwiftUpdateCheck = 0820;
				LastUpgradeCheck = 0820;
				ORGANIZATIONNAME = Mac;
				TargetAttributes = {
					04E0340D1EBA565900072C21 = {
						CreatedOnToolsVersion = 8.2.1;
						ProvisioningStyle = Automatic;
					};
				};
			};
			buildConfigurationList = 04E034091EBA565800072C21 /* Build configuration list for PBXProject "Miracle Pill" */;
			compatibilityVersion = "Xcode 3.2";
			developmentRegion = English;
			hasScannedForEncodings = 0;
			knownRegions = (
				en,
				Base,
			);
			mainGroup = 04E034051EBA565800072C21;
			productRefGroup = 04E0340F1EBA565900072C21 /* Products */;
			projectDirPath = "";
			projectRoot = "";
			targets = (
				04E0340D1EBA565900072C21 /* Miracle Pill */,
			);
		};
/* End PBXProject section */

/* Begin PBXResourcesBuildPhase section */
		04E0340C1EBA565900072C21 /* Resources */ = {
			isa = PBXResourcesBuildPhase;
			buildActionMask = 2147483647;
			files = (
				04E0342F1EBA5B2200072C21 /* buyNowBtn.png in Resources */,
				04E034321EBA5B2200072C21 /* miraclePillEmoji.png in Resources */,
				04E034361EBA5B2200072C21 /* successIndicator@2x.png in Resources */,
				04E034371EBA5B2200072C21 /* successIndicator@3x.png in Resources */,
				04E0341F1EBA565900072C21 /* LaunchScreen.storyboard in Resources */,
				04E034301EBA5B2200072C21 /* buyNowBtn@2x.png in Resources */,
				045A62951EBFFDD000292972 /* login button@3x.png in Resources */,
				045A62971EBFFDD000292972 /* logo@2x.png in Resources */,
				04E0341C1EBA565900072C21 /* Assets.xcassets in Resources */,
				045A62A51EBFFDDF00292972 /* username field.png in Resources */,
				04E034341EBA5B2200072C21 /* miraclePillEmoji@3x.png in Resources */,
				045A62A41EBFFDDF00292972 /* password field@3x.png in Resources */,
				045A62AC1EC0027800292972 /* Rectangle Copy@2x.png in Resources */,
				045A62A21EBFFDDF00292972 /* password field.png in Resources */,
				045A62AB1EC0027800292972 /* Rectangle Copy@1x.png in Resources */,
				045A629A1EBFFDD000292972 /* Miracle Pill@2x.png in Resources */,
				045A62981EBFFDD000292972 /* logo@3x.png in Resources */,
				04E034311EBA5B2200072C21 /* buyNowBtn@3x.png in Resources */,
				045A62A61EBFFDDF00292972 /* username field@2x.png in Resources */,
				04E034331EBA5B2200072C21 /* miraclePillEmoji@2x.png in Resources */,
				045A62A31EBFFDDF00292972 /* password field@2x.png in Resources */,
				04E034171EBA565900072C21 /* Main.storyboard in Resources */,
				045A62961EBFFDD000292972 /* logo.png in Resources */,
				04E034351EBA5B2200072C21 /* successIndicator.png in Resources */,
				045A62991EBFFDD000292972 /* Miracle Pill.png in Resources */,
				045A62A71EBFFDDF00292972 /* username field@3x.png in Resources */,
				045A62931EBFFDD000292972 /* login button.png in Resources */,
				045A62AD1EC0027800292972 /* Rectangle Copy@3x.png in Resources */,
				045A62941EBFFDD000292972 /* login button@2x.png in Resources */,
				045A629B1EBFFDD000292972 /* Miracle Pill@3x.png in Resources */,
			);
			runOnlyForDeploymentPostprocessing = 0;
		};
/* End PBXResourcesBuildPhase section */

/* Begin PBXSourcesBuildPhase section */
		04E0340A1EBA565900072C21 /* Sources */ = {
			isa = PBXSourcesBuildPhase;
			buildActionMask = 2147483647;
			files = (
				04E0341A1EBA565900072C21 /* Miracle_Pill.xcdatamodeld in Sources */,
				04E034141EBA565900072C21 /* ViewController.swift in Sources */,
				04E034121EBA565900072C21 /* AppDelegate.swift in Sources */,
				045A62AF1EC0057A00292972 /* LoginViewController.swift in Sources */,
				04E0347B1EBA968800072C21 /* PopupViewController.swift in Sources */,
			);
			runOnlyForDeploymentPostprocessing = 0;
		};
/* End PBXSourcesBuildPhase section */

/* Begin PBXVariantGroup section */
		04E034151EBA565900072C21 /* Main.storyboard */ = {
			isa = PBXVariantGroup;
			children = (
				04E034161EBA565900072C21 /* Base */,
			);
			name = Main.storyboard;
			sourceTree = "<group>";
		};
		04E0341D1EBA565900072C21 /* LaunchScreen.storyboard */ = {
			isa = PBXVariantGroup;
			children = (
				04E0341E1EBA565900072C21 /* Base */,
			);
			name = LaunchScreen.storyboard;
			sourceTree = "<group>";
		};
/* End PBXVariantGroup section */

/* Begin XCBuildConfiguration section */
		04E034211EBA565900072C21 /* Debug */ = {
			isa = XCBuildConfiguration;
			buildSettings = {
				ALWAYS_SEARCH_USER_PATHS = NO;
				CLANG_ANALYZER_NONNULL = YES;
				CLANG_CXX_LANGUAGE_STANDARD = "gnu++0x";
				CLANG_CXX_LIBRARY = "libc++";
				CLANG_ENABLE_MODULES = YES;
				CLANG_ENABLE_OBJC_ARC = YES;
				CLANG_WARN_BOOL_CONVERSION = YES;
				CLANG_WARN_CONSTANT_CONVERSION = YES;
				CLANG_WARN_DIRECT_OBJC_ISA_USAGE = YES_ERROR;
				CLANG_WARN_DOCUMENTATION_COMMENTS = YES;
				CLANG_WARN_EMPTY_BODY = YES;
				CLANG_WARN_ENUM_CONVERSION = YES;
				CLANG_WARN_INFINITE_RECURSION = YES;
				CLANG_WARN_INT_CONVERSION = YES;
				CLANG_WARN_OBJC_ROOT_CLASS = YES_ERROR;
				CLANG_WARN_SUSPICIOUS_MOVE = YES;
				CLANG_WARN_UNREACHABLE_CODE = YES;
				CLANG_WARN__DUPLICATE_METHOD_MATCH = YES;
				"CODE_SIGN_IDENTITY[sdk=iphoneos*]" = "iPhone Developer";
				COPY_PHASE_STRIP = NO;
				DEBUG_INFORMATION_FORMAT = dwarf;
				ENABLE_STRICT_OBJC_MSGSEND = YES;
				ENABLE_TESTABILITY = YES;
				GCC_C_LANGUAGE_STANDARD = gnu99;
				GCC_DYNAMIC_NO_PIC = NO;
				GCC_NO_COMMON_BLOCKS = YES;
				GCC_OPTIMIZATION_LEVEL = 0;
				GCC_PREPROCESSOR_DEFINITIONS = (
					"DEBUG=1",
					"$(inherited)",
				);
				GCC_WARN_64_TO_32_BIT_CONVERSION = YES;
				GCC_WARN_ABOUT_RETURN_TYPE = YES_ERROR;
				GCC_WARN_UNDECLARED_SELECTOR = YES;
				GCC_WARN_UNINITIALIZED_AUTOS = YES_AGGRESSIVE;
				GCC_WARN_UNUSED_FUNCTION = YES;
				GCC_WARN_UNUSED_VARIABLE = YES;
				IPHONEOS_DEPLOYMENT_TARGET = 10.2;
				MTL_ENABLE_DEBUG_INFO = YES;
				ONLY_ACTIVE_ARCH = YES;
				SDKROOT = iphoneos;
				SWIFT_ACTIVE_COMPILATION_CONDITIONS = DEBUG;
				SWIFT_OPTIMIZATION_LEVEL = "-Onone";
			};
			name = Debug;
		};
		04E034221EBA565900072C21 /* Release */ = {
			isa = XCBuildConfiguration;
			buildSettings = {
				ALWAYS_SEARCH_USER_PATHS = NO;
				CLANG_ANALYZER_NONNULL = YES;
				CLANG_CXX_LANGUAGE_STANDARD = "gnu++0x";
				CLANG_CXX_LIBRARY = "libc++";
				CLANG_ENABLE_MODULES = YES;
				CLANG_ENABLE_OBJC_ARC = YES;
				CLANG_WARN_BOOL_CONVERSION = YES;
				CLANG_WARN_CONSTANT_CONVERSION = YES;
				CLANG_WARN_DIRECT_OBJC_ISA_USAGE = YES_ERROR;
				CLANG_WARN_DOCUMENTATION_COMMENTS = YES;
				CLANG_WARN_EMPTY_BODY = YES;
				CLANG_WARN_ENUM_CONVERSION = YES;
				CLANG_WARN_INFINITE_RECURSION = YES;
				CLANG_WARN_INT_CONVERSION = YES;
				CLANG_WARN_OBJC_ROOT_CLASS = YES_ERROR;
				CLANG_WARN_SUSPICIOUS_MOVE = YES;
				CLANG_WARN_UNREACHABLE_CODE = YES;
				CLANG_WARN__DUPLICATE_METHOD_MATCH = YES;
				"CODE_SIGN_IDENTITY[sdk=iphoneos*]" = "iPhone Developer";
				COPY_PHASE_STRIP = NO;
				DEBUG_INFORMATION_FORMAT = "dwarf-with-dsym";
				ENABLE_NS_ASSERTIONS = NO;
				ENABLE_STRICT_OBJC_MSGSEND = YES;
				GCC_C_LANGUAGE_STANDARD = gnu99;
				GCC_NO_COMMON_BLOCKS = YES;
				GCC_WARN_64_TO_32_BIT_CONVERSION = YES;
				GCC_WARN_ABOUT_RETURN_TYPE = YES_ERROR;
				GCC_WARN_UNDECLARED_SELECTOR = YES;
				GCC_WARN_UNINITIALIZED_AUTOS = YES_AGGRESSIVE;
				GCC_WARN_UNUSED_FUNCTION = YES;
				GCC_WARN_UNUSED_VARIABLE = YES;
				IPHONEOS_DEPLOYMENT_TARGET = 10.2;
				MTL_ENABLE_DEBUG_INFO = NO;
				SDKROOT = iphoneos;
				SWIFT_OPTIMIZATION_LEVEL = "-Owholemodule";
				VALIDATE_PRODUCT = YES;
			};
			name = Release;
		};
		04E034241EBA565900072C21 /* Debug */ = {
			isa = XCBuildConfiguration;
			buildSettings = {
				ASSETCATALOG_COMPILER_APPICON_NAME = AppIcon;
				INFOPLIST_FILE = "Miracle Pill/Info.plist";
				LD_RUNPATH_SEARCH_PATHS = "$(inherited) @executable_path/Frameworks";
				PRODUCT_BUNDLE_IDENTIFIER = "com.fineartsilks.myWorks.Miracle-Pill";
				PRODUCT_NAME = "$(TARGET_NAME)";
				SWIFT_VERSION = 3.0;
			};
			name = Debug;
		};
		04E034251EBA565900072C21 /* Release */ = {
			isa = XCBuildConfiguration;
			buildSettings = {
				ASSETCATALOG_COMPILER_APPICON_NAME = AppIcon;
				INFOPLIST_FILE = "Miracle Pill/Info.plist";
				LD_RUNPATH_SEARCH_PATHS = "$(inherited) @executable_path/Frameworks";
				PRODUCT_BUNDLE_IDENTIFIER = "com.fineartsilks.myWorks.Miracle-Pill";
				PRODUCT_NAME = "$(TARGET_NAME)";
				SWIFT_VERSION = 3.0;
			};
			name = Release;
		};
/* End XCBuildConfiguration section */

/* Begin XCConfigurationList section */
		04E034091EBA565800072C21 /* Build configuration list for PBXProject "Miracle Pill" */ = {
			isa = XCConfigurationList;
			buildConfigurations = (
				04E034211EBA565900072C21 /* Debug */,
				04E034221EBA565900072C21 /* Release */,
			);
			defaultConfigurationIsVisible = 0;
			defaultConfigurationName = Release;
		};
		04E034231EBA565900072C21 /* Build configuration list for PBXNativeTarget "Miracle Pill" */ = {
			isa = XCConfigurationList;
			buildConfigurations = (
				04E034241EBA565900072C21 /* Debug */,
				04E034251EBA565900072C21 /* Release */,
			);
			defaultConfigurationIsVisible = 0;
			defaultConfigurationName = Release;
		};
/* End XCConfigurationList section */

/* Begin XCVersionGroup section */
		04E034181EBA565900072C21 /* Miracle_Pill.xcdatamodeld */ = {
			isa = XCVersionGroup;
			children = (
				04E034191EBA565900072C21 /* Miracle_Pill.xcdatamodel */,
			);
			currentVersion = 04E034191EBA565900072C21 /* Miracle_Pill.xcdatamodel */;
			path = Miracle_Pill.xcdatamodeld;
			sourceTree = "<group>";
			versionGroupType = wrapper.xcdatamodel;
		};
/* End XCVersionGroup section */
	};
	rootObject = 04E034061EBA565800072C21 /* Project object */;
}
